
Microsoft Visual Studio Solution File, Format Version 12.00
# Visual Studio Version 16
VisualStudioVersion = 16.0.32510.428
MinimumVisualStudioVersion = 10.0.40219.1
Project("{FAE04EC0-301F-11D3-BF4B-00C04F79EFBC}") = "CICDMvcDemo", "CICDMvcDemo\CICDMvcDemo.csproj", "{28667C20-24D5-4914-BEC0-0F3FAE762235}"
EndProject
Global
	GlobalSection(SolutionConfigurationPlatforms) = preSolution
		Debug|Any CPU = Debug|Any CPU
		Release|Any CPU = Release|Any CPU
	EndGlobalSection
	GlobalSection(ProjectConfigurationPlatforms) = postSolution
		{28667C20-24D5-4914-BEC0-0F3FAE762235}.Debug|Any CPU.ActiveCfg = Debug|Any CPU
		{28667C20-24D5-4914-BEC0-0F3FAE762235}.Debug|Any CPU.Build.0 = Debug|Any CPU
		{28667C20-24D5-4914-BEC0-0F3FAE762235}.Release|Any CPU.ActiveCfg = Release|Any CPU
		{28667C20-24D5-4914-BEC0-0F3FAE762235}.Release|Any CPU.Build.0 = Release|Any CPU
	EndGlobalSection
	GlobalSection(SolutionProperties) = preSolution
		HideSolutionNode = FALSE
	EndGlobalSection
	GlobalSection(ExtensibilityGlobals) = postSolution
		SolutionGuid = {C985E45B-D8DC-464B-A3F9-B942244FF257}
	EndGlobalSection
EndGlobal
